
Microsoft Visual Studio Solution File, Format Version 12.00
# Visual Studio 14
VisualStudioVersion = 14.0.23107.0
MinimumVisualStudioVersion = 10.0.40219.1
Project("{FAE04EC0-301F-11D3-BF4B-00C04F79EFBC}") = "RunAndGun", "RunAndGun\RunAndGun\RunAndGun.csproj", "{34920DC8-5E8D-41B6-A6A1-DFB2CD64A332}"
EndProject
Project("{FAE04EC0-301F-11D3-BF4B-00C04F79EFBC}") = "RunAndGunContent", "RunAndGun\RunAndGunContent\RunAndGunContent.contentproj", "{70981AB7-9FF6-41BE-A674-5444DC3A18A9}"
EndProject
Project("{FAE04EC0-301F-11D3-BF4B-00C04F79EFBC}") = "ContraVania", "ContraVania\ContraVania.contentproj", "{E5C4785F-38EC-471B-A5CE-B680C3613E7D}"
EndProject
Project("{FAE04EC0-301F-11D3-BF4B-00C04F79EFBC}") = "TiledSharp", "TiledSharp-0.9.1r0\TiledSharp\TiledSharp.csproj", "{E4130F8D-D301-4E0C-916D-489C4A23C9B1}"
EndProject
Project("{FAE04EC0-301F-11D3-BF4B-00C04F79EFBC}") = "SharpDXDirectInputTester", "SharepDXDirectInputTester\SharpDXDirectInputTester.csproj", "{B7F2CA86-55F6-4B04-8582-2A0319AE93D8}"
EndProject
Global
	GlobalSection(SolutionConfigurationPlatforms) = preSolution
		Debug|Any CPU = Debug|Any CPU
		Debug|Mixed Platforms = Debug|Mixed Platforms
		Debug|x86 = Debug|x86
		Release|Any CPU = Release|Any CPU
		Release|Mixed Platforms = Release|Mixed Platforms
		Release|x86 = Release|x86
	EndGlobalSection
	GlobalSection(ProjectConfigurationPlatforms) = postSolution
		{34920DC8-5E8D-41B6-A6A1-DFB2CD64A332}.Debug|Any CPU.ActiveCfg = Debug|x86
		{34920DC8-5E8D-41B6-A6A1-DFB2CD64A332}.Debug|Mixed Platforms.ActiveCfg = Debug|x86
		{34920DC8-5E8D-41B6-A6A1-DFB2CD64A332}.Debug|Mixed Platforms.Build.0 = Debug|x86
		{34920DC8-5E8D-41B6-A6A1-DFB2CD64A332}.Debug|x86.ActiveCfg = Debug|x86
		{34920DC8-5E8D-41B6-A6A1-DFB2CD64A332}.Debug|x86.Build.0 = Debug|x86
		{34920DC8-5E8D-41B6-A6A1-DFB2CD64A332}.Release|Any CPU.ActiveCfg = Release|x86
		{34920DC8-5E8D-41B6-A6A1-DFB2CD64A332}.Release|Mixed Platforms.ActiveCfg = Release|x86
		{34920DC8-5E8D-41B6-A6A1-DFB2CD64A332}.Release|Mixed Platforms.Build.0 = Release|x86
		{34920DC8-5E8D-41B6-A6A1-DFB2CD64A332}.Release|x86.ActiveCfg = Release|x86
		{34920DC8-5E8D-41B6-A6A1-DFB2CD64A332}.Release|x86.Build.0 = Release|x86
		{70981AB7-9FF6-41BE-A674-5444DC3A18A9}.Debug|Any CPU.ActiveCfg = Debug|x86
		{70981AB7-9FF6-41BE-A674-5444DC3A18A9}.Debug|Mixed Platforms.ActiveCfg = Debug|x86
		{70981AB7-9FF6-41BE-A674-5444DC3A18A9}.Debug|x86.ActiveCfg = Debug|x86
		{70981AB7-9FF6-41BE-A674-5444DC3A18A9}.Release|Any CPU.ActiveCfg = Release|x86
		{70981AB7-9FF6-41BE-A674-5444DC3A18A9}.Release|Mixed Platforms.ActiveCfg = Release|x86
		{70981AB7-9FF6-41BE-A674-5444DC3A18A9}.Release|x86.ActiveCfg = Release|x86
		{E5C4785F-38EC-471B-A5CE-B680C3613E7D}.Debug|Any CPU.ActiveCfg = Debug|Any CPU
		{E5C4785F-38EC-471B-A5CE-B680C3613E7D}.Debug|Mixed Platforms.ActiveCfg = Debug|Any CPU
		{E5C4785F-38EC-471B-A5CE-B680C3613E7D}.Debug|x86.ActiveCfg = Debug|Any CPU
		{E5C4785F-38EC-471B-A5CE-B680C3613E7D}.Release|Any CPU.ActiveCfg = Debug|Any CPU
		{E5C4785F-38EC-471B-A5CE-B680C3613E7D}.Release|Mixed Platforms.ActiveCfg = Debug|Any CPU
		{E5C4785F-38EC-471B-A5CE-B680C3613E7D}.Release|x86.ActiveCfg = Debug|Any CPU
		{E4130F8D-D301-4E0C-916D-489C4A23C9B1}.Debug|Any CPU.ActiveCfg = Debug|Any CPU
		{E4130F8D-D301-4E0C-916D-489C4A23C9B1}.Debug|Any CPU.Build.0 = Debug|Any CPU
		{E4130F8D-D301-4E0C-916D-489C4A23C9B1}.Debug|Mixed Platforms.ActiveCfg = Debug|Any CPU
		{E4130F8D-D301-4E0C-916D-489C4A23C9B1}.Debug|Mixed Platforms.Build.0 = Debug|Any CPU
		{E4130F8D-D301-4E0C-916D-489C4A23C9B1}.Debug|x86.ActiveCfg = Debug|Any CPU
		{E4130F8D-D301-4E0C-916D-489C4A23C9B1}.Release|Any CPU.ActiveCfg = Release|Any CPU
		{E4130F8D-D301-4E0C-916D-489C4A23C9B1}.Release|Any CPU.Build.0 = Release|Any CPU
		{E4130F8D-D301-4E0C-916D-489C4A23C9B1}.Release|Mixed Platforms.ActiveCfg = Release|Any CPU
		{E4130F8D-D301-4E0C-916D-489C4A23C9B1}.Release|Mixed Platforms.Build.0 = Release|Any CPU
		{E4130F8D-D301-4E0C-916D-489C4A23C9B1}.Release|x86.ActiveCfg = Release|Any CPU
		{B7F2CA86-55F6-4B04-8582-2A0319AE93D8}.Debug|Any CPU.ActiveCfg = Debug|Any CPU
		{B7F2CA86-55F6-4B04-8582-2A0319AE93D8}.Debug|Any CPU.Build.0 = Debug|Any CPU
		{B7F2CA86-55F6-4B04-8582-2A0319AE93D8}.Debug|Mixed Platforms.ActiveCfg = Debug|Any CPU
		{B7F2CA86-55F6-4B04-8582-2A0319AE93D8}.Debug|Mixed Platforms.Build.0 = Debug|Any CPU
		{B7F2CA86-55F6-4B04-8582-2A0319AE93D8}.Debug|x86.ActiveCfg = Debug|Any CPU
		{B7F2CA86-55F6-4B04-8582-2A0319AE93D8}.Debug|x86.Build.0 = Debug|Any CPU
		{B7F2CA86-55F6-4B04-8582-2A0319AE93D8}.Release|Any CPU.ActiveCfg = Release|Any CPU
		{B7F2CA86-55F6-4B04-8582-2A0319AE93D8}.Release|Any CPU.Build.0 = Release|Any CPU
		{B7F2CA86-55F6-4B04-8582-2A0319AE93D8}.Release|Mixed Platforms.ActiveCfg = Release|Any CPU
		{B7F2CA86-55F6-4B04-8582-2A0319AE93D8}.Release|Mixed Platforms.Build.0 = Release|Any CPU
		{B7F2CA86-55F6-4B04-8582-2A0319AE93D8}.Release|x86.ActiveCfg = Release|Any CPU
		{B7F2CA86-55F6-4B04-8582-2A0319AE93D8}.Release|x86.Build.0 = Release|Any CPU
	EndGlobalSection
	GlobalSection(SolutionProperties) = preSolution
		HideSolutionNode = FALSE
	EndGlobalSection
EndGlobal
